
Microsoft Visual Studio Solution File, Format Version 12.00
# Visual Studio 15
VisualStudioVersion = 15.0.26124.0
MinimumVisualStudioVersion = 15.0.26124.0
Project("{2150E333-8FDC-42A3-9474-1A3956D46DE8}") = "src", "src", "{DB98AA17-B698-40EA-968A-A36F1D878C13}"
EndProject
Project("{FAE04EC0-301F-11D3-BF4B-00C04F79EFBC}") = "ConfigFunctionApi", "src\ConfigFunctionApi\ConfigFunctionApi.csproj", "{97F41675-9254-4364-8D82-2A00A99B6886}"
EndProject
Global
	GlobalSection(SolutionConfigurationPlatforms) = preSolution
		Debug|Any CPU = Debug|Any CPU
		Debug|x64 = Debug|x64
		Debug|x86 = Debug|x86
		Release|Any CPU = Release|Any CPU
		Release|x64 = Release|x64
		Release|x86 = Release|x86
	EndGlobalSection
	GlobalSection(SolutionProperties) = preSolution
		HideSolutionNode = FALSE
	EndGlobalSection
	GlobalSection(ProjectConfigurationPlatforms) = postSolution
		{97F41675-9254-4364-8D82-2A00A99B6886}.Debug|Any CPU.ActiveCfg = Debug|Any CPU
		{97F41675-9254-4364-8D82-2A00A99B6886}.Debug|Any CPU.Build.0 = Debug|Any CPU
		{97F41675-9254-4364-8D82-2A00A99B6886}.Debug|x64.ActiveCfg = Debug|Any CPU
		{97F41675-9254-4364-8D82-2A00A99B6886}.Debug|x64.Build.0 = Debug|Any CPU
		{97F41675-9254-4364-8D82-2A00A99B6886}.Debug|x86.ActiveCfg = Debug|Any CPU
		{97F41675-9254-4364-8D82-2A00A99B6886}.Debug|x86.Build.0 = Debug|Any CPU
		{97F41675-9254-4364-8D82-2A00A99B6886}.Release|Any CPU.ActiveCfg = Release|Any CPU
		{97F41675-9254-4364-8D82-2A00A99B6886}.Release|Any CPU.Build.0 = Release|Any CPU
		{97F41675-9254-4364-8D82-2A00A99B6886}.Release|x64.ActiveCfg = Release|Any CPU
		{97F41675-9254-4364-8D82-2A00A99B6886}.Release|x64.Build.0 = Release|Any CPU
		{97F41675-9254-4364-8D82-2A00A99B6886}.Release|x86.ActiveCfg = Release|Any CPU
		{97F41675-9254-4364-8D82-2A00A99B6886}.Release|x86.Build.0 = Release|Any CPU
	EndGlobalSection
	GlobalSection(NestedProjects) = preSolution
		{97F41675-9254-4364-8D82-2A00A99B6886} = {DB98AA17-B698-40EA-968A-A36F1D878C13}
	EndGlobalSection
EndGlobal
